{
  "name": "test-project",
  "version": "1.0.0",
  "lockfileVersion": 3,
  "requires": true,
  "packages": {
    "": {
      "name": "test-project",
      "version": "1.0.0",
      "dependencies": {
        "opencode-ai": "latest"
      }
    },
    "node_modules/opencode-ai": {
      "version": "1.1.48",
      "resolved": "https://registry.npmjs.org/opencode-ai/-/opencode-ai-1.1.48.tgz",
      "integrity": "sha512-m2FnFZPxUhNzCtDvoLmjCzoaFRdjHmvoZNpM/8bj48tf+WawzxOK8wnfIw94dz0tWCe6jMB4+yrvehYT4cIUSw==",
      "hasInstallScript": true,
      "bin": {
        "opencode": "bin/opencode"
      },
      "optionalDependencies": {
        "opencode-darwin-arm64": "1.1.48",
        "opencode-darwin-x64": "1.1.48",
        "opencode-darwin-x64-baseline": "1.1.48",
        "opencode-linux-arm64": "1.1.48",
        "opencode-linux-arm64-musl": "1.1.48",
        "opencode-linux-x64": "1.1.48",
        "opencode-linux-x64-baseline": "1.1.48",
        "opencode-linux-x64-baseline-musl": "1.1.48",
        "opencode-linux-x64-musl": "1.1.48",
        "opencode-windows-x64": "1.1.48",
        "opencode-windows-x64-baseline": "1.1.48"
      }
    },
    "node_modules/opencode-darwin-arm64": {
      "version": "1.1.48",
      "resolved": "https://registry.npmjs.org/opencode-darwin-arm64/-/opencode-darwin-arm64-1.1.48.tgz",
      "integrity": "sha512-ydGP+HpHWNRjJPFbJzD9CsQudEyK3iJMfBieAQioxVh6Qeb/NXiC1pX2txOTLc7u7YEkVSqfSgH444afeu5jTA==",
      "cpu": [
        "arm64"
      ],
      "optional": true,
      "os": [
        "darwin"
      ]
    },
    "node_modules/opencode-darwin-x64": {
      "version": "1.1.48",
      "resolved": "https://registry.npmjs.org/opencode-darwin-x64/-/opencode-darwin-x64-1.1.48.tgz",
      "integrity": "sha512-N6ivsWg5femvKpy/9C+FLzIRmNrllAkqAhq5oWUhhVDXhEs+6xN56KWvGnsI43y5LLAljRMYNhOog5A6WPQMWQ==",
      "cpu": [
        "x64"
      ],
      "optional": true,
      "os": [
        "darwin"
      ]
    },
    "node_modules/opencode-darwin-x64-baseline": {
      "version": "1.1.48",
      "resolved": "https://registry.npmjs.org/opencode-darwin-x64-baseline/-/opencode-darwin-x64-baseline-1.1.48.tgz",
      "integrity": "sha512-CSF7Bc3pu+BSq3ssjumgv9Bpoox1vocQVFDcwe7jUyTxfN7I+R6W1RT74o8T4tn4/JfWJkAgkdOK/Du24oS6Ng==",
      "cpu": [
        "x64"
      ],
      "optional": true,
      "os": [
        "darwin"
      ]
    },
    "node_modules/opencode-linux-arm64": {
      "version": "1.1.48",
      "resolved": "https://registry.npmjs.org/opencode-linux-arm64/-/opencode-linux-arm64-1.1.48.tgz",
      "integrity": "sha512-GCIyGgKb4qtJz2nXFH1z7HoiVa5h3tGbzedY1bw1uUfdwCPVvSasWPMUJZwJmmkh92vXs+k5VwBk9ry4VhDRZw==",
      "cpu": [
        "arm64"
      ],
      "optional": true,
      "os": [
        "linux"
      ]
    },
    "node_modules/opencode-linux-arm64-musl": {
      "version": "1.1.48",
      "resolved": "https://registry.npmjs.org/opencode-linux-arm64-musl/-/opencode-linux-arm64-musl-1.1.48.tgz",
      "integrity": "sha512-KXJhXifa2fkqWYi51/wNKOkmHlMrvS3UFvZ4r7CzSNKIbX9o7dwnNZeqtBb4GybooTsixrCsPvM6MFRT2F+GRw==",
      "cpu": [
        "arm64"
      ],
      "optional": true,
      "os": [
        "linux"
      ]
    },
    "node_modules/opencode-linux-x64": {
      "version": "1.1.48",
      "resolved": "https://registry.npmjs.org/opencode-linux-x64/-/opencode-linux-x64-1.1.48.tgz",
      "integrity": "sha512-p+mAsOuNJrQ+1QB+TkWkdkUJxNd//AkmBQwre4/mq21XRJzo3cA2dhSiCaYDUWCiiVAf579FtOl551PFqyVHFg==",
      "cpu": [
        "x64"
      ],
      "optional": true,
      "os": [
        "linux"
      ]
    },
    "node_modules/opencode-linux-x64-baseline": {
      "version": "1.1.48",
      "resolved": "https://registry.npmjs.org/opencode-linux-x64-baseline/-/opencode-linux-x64-baseline-1.1.48.tgz",
      "integrity": "sha512-EoTa2EvYqAJY7c4Z0v2jN1diyCLLzlOZPC9ZyrFMXIRYoDNR+KmbslNrkLAgV2n3ob0h03jMyOQaLaD6PYNUvA==",
      "cpu": [
        "x64"
      ],
      "optional": true,
      "os": [
        "linux"
      ]
    },
    "node_modules/opencode-linux-x64-baseline-musl": {
      "version": "1.1.48",
      "resolved": "https://registry.npmjs.org/opencode-linux-x64-baseline-musl/-/opencode-linux-x64-baseline-musl-1.1.48.tgz",
      "integrity": "sha512-AVN5cI4qnsa0tMfpr8mHDdPNL5g+XYlg/XgKW+Tufdujhe3JkEdywFYPDG+Ip7KnKgEjqrP+udMxYNqkO6Nm0Q==",
      "cpu": [
        "x64"
      ],
      "optional": true,
      "os": [
        "linux"
      ]
    },
    "node_modules/opencode-linux-x64-musl": {
      "version": "1.1.48",
      "resolved": "https://registry.npmjs.org/opencode-linux-x64-musl/-/opencode-linux-x64-musl-1.1.48.tgz",
      "integrity": "sha512-hfYt/3RjNSDOzAULLOuzAyt1SvYRV8YkhrxaHL2Y+SKUDZzdoWnuuQzMsz87lRY81OFkZ3wxTIdNy3BK+uo0Cw==",
      "cpu": [
        "x64"
      ],
      "optional": true,
      "os": [
        "linux"
      ]
    },
    "node_modules/opencode-windows-x64": {
      "version": "1.1.48",
      "resolved": "https://registry.npmjs.org/opencode-windows-x64/-/opencode-windows-x64-1.1.48.tgz",
      "integrity": "sha512-P9MQv/r9rmuDWNpxjGyqvNzm21ua9Rpl9VPldiGyuZPEPRONGp3Nflgfu+OT91uCR9HhY3TQ1wLgG7f4iVn8Ew==",
      "cpu": [
        "x64"
      ],
      "optional": true,
      "os": [
        "win32"
      ]
    },
    "node_modules/opencode-windows-x64-baseline": {
      "version": "1.1.48",
      "resolved": "https://registry.npmjs.org/opencode-windows-x64-baseline/-/opencode-windows-x64-baseline-1.1.48.tgz",
      "integrity": "sha512-sHBHwpoyLjerQlD8Bc4hfcXM8pHNjgAoHja+PjwdywX9qqHC/lLl4ho9UQH6bmP2QhiR8D045910Pm8vAVmyoQ==",
      "cpu": [
        "x64"
      ],
      "optional": true,
      "os": [
        "win32"
      ]
    }
  }
}
